
Microsoft Visual Studio Solution File, Format Version 12.00
# Visual Studio Version 16
VisualStudioVersion = 16.0.31129.286
MinimumVisualStudioVersion = 10.0.40219.1
Project("{FAE04EC0-301F-11D3-BF4B-00C04F79EFBC}") = "Home work class3", "Home work class3\Home work class3.csproj", "{314247C6-9B78-49EC-9A6D-8A0A23079FCF}"
EndProject
Global
	GlobalSection(SolutionConfigurationPlatforms) = preSolution
		Debug|Any CPU = Debug|Any CPU
		Release|Any CPU = Release|Any CPU
	EndGlobalSection
	GlobalSection(ProjectConfigurationPlatforms) = postSolution
		{314247C6-9B78-49EC-9A6D-8A0A23079FCF}.Debug|Any CPU.ActiveCfg = Debug|Any CPU
		{314247C6-9B78-49EC-9A6D-8A0A23079FCF}.Debug|Any CPU.Build.0 = Debug|Any CPU
		{314247C6-9B78-49EC-9A6D-8A0A23079FCF}.Release|Any CPU.ActiveCfg = Release|Any CPU
		{314247C6-9B78-49EC-9A6D-8A0A23079FCF}.Release|Any CPU.Build.0 = Release|Any CPU
	EndGlobalSection
	GlobalSection(SolutionProperties) = preSolution
		HideSolutionNode = FALSE
	EndGlobalSection
	GlobalSection(ExtensibilityGlobals) = postSolution
		SolutionGuid = {BA7A3CF4-DA0E-4333-990D-8D8F5CC4A77E}
	EndGlobalSection
EndGlobal
