
Microsoft Visual Studio Solution File, Format Version 12.00
# Visual Studio Version 16
VisualStudioVersion = 16.0.31129.286
MinimumVisualStudioVersion = 10.0.40219.1
Project("{FAE04EC0-301F-11D3-BF4B-00C04F79EFBC}") = "Home work class2.", "..\Home work class2\Home work class2\Home work class2..csproj", "{FB80C105-E065-46F9-9FBF-89076122A4FF}"
EndProject
Global
	GlobalSection(SolutionConfigurationPlatforms) = preSolution
		Debug|Any CPU = Debug|Any CPU
		Release|Any CPU = Release|Any CPU
	EndGlobalSection
	GlobalSection(ProjectConfigurationPlatforms) = postSolution
		{FB80C105-E065-46F9-9FBF-89076122A4FF}.Debug|Any CPU.ActiveCfg = Debug|Any CPU
		{FB80C105-E065-46F9-9FBF-89076122A4FF}.Debug|Any CPU.Build.0 = Debug|Any CPU
		{FB80C105-E065-46F9-9FBF-89076122A4FF}.Release|Any CPU.ActiveCfg = Release|Any CPU
		{FB80C105-E065-46F9-9FBF-89076122A4FF}.Release|Any CPU.Build.0 = Release|Any CPU
	EndGlobalSection
	GlobalSection(SolutionProperties) = preSolution
		HideSolutionNode = FALSE
	EndGlobalSection
	GlobalSection(ExtensibilityGlobals) = postSolution
		SolutionGuid = {3228D31B-D7E6-499B-B98E-BE49A05182DE}
	EndGlobalSection
EndGlobal
